// !$*UTF8*$!
{
	archiveVersion = 1;
	classes = {
	};
	objectVersion = 51;
	objects = {

/* Begin PBXBuildFile section */
		190B2FA505CB77A0176AE716 /* Pods_TwelveTestTests.framework in Frameworks */ = {isa = PBXBuildFile; fileRef = 9CCEC7AA5BD7CEF65E909293 /* Pods_TwelveTestTests.framework */; };
		34F5D8051AB4277F2ABF0D34 /* Pods_TwelveTestUITests.framework in Frameworks */ = {isa = PBXBuildFile; fileRef = B30A02A1A05DC816D003DF0A /* Pods_TwelveTestUITests.framework */; };
		934847752285C9DC002A67D6 /* AppDelegate.swift in Sources */ = {isa = PBXBuildFile; fileRef = 934847742285C9DC002A67D6 /* AppDelegate.swift */; };
		934847772285C9DC002A67D6 /* ViewController.swift in Sources */ = {isa = PBXBuildFile; fileRef = 934847762285C9DC002A67D6 /* ViewController.swift */; };
		9348477A2285C9DC002A67D6 /* Main.storyboard in Resources */ = {isa = PBXBuildFile; fileRef = 934847782285C9DC002A67D6 /* Main.storyboard */; };
		9348477C2285C9DD002A67D6 /* Assets.xcassets in Resources */ = {isa = PBXBuildFile; fileRef = 9348477B2285C9DD002A67D6 /* Assets.xcassets */; };
		9348477F2285C9DD002A67D6 /* LaunchScreen.storyboard in Resources */ = {isa = PBXBuildFile; fileRef = 9348477D2285C9DD002A67D6 /* LaunchScreen.storyboard */; };
		9348478A2285C9DE002A67D6 /* TwelveTestTests.swift in Sources */ = {isa = PBXBuildFile; fileRef = 934847892285C9DE002A67D6 /* TwelveTestTests.swift */; };
		934847952285C9DE002A67D6 /* TwelveTestUITests.swift in Sources */ = {isa = PBXBuildFile; fileRef = 934847942285C9DE002A67D6 /* TwelveTestUITests.swift */; };
		938E2CF22299A62D00590A0D /* healthcare.jpg in Resources */ = {isa = PBXBuildFile; fileRef = 938E2CEF2299A62D00590A0D /* healthcare.jpg */; };
		938E2CF32299A62D00590A0D /* automative.jpg in Resources */ = {isa = PBXBuildFile; fileRef = 938E2CF02299A62D00590A0D /* automative.jpg */; };
		938E2CF42299A62D00590A0D /* travel.jpg in Resources */ = {isa = PBXBuildFile; fileRef = 938E2CF12299A62D00590A0D /* travel.jpg */; };
		938E2CF62299B9A400590A0D /* partcontroller.swift in Sources */ = {isa = PBXBuildFile; fileRef = 938E2CF52299B9A400590A0D /* partcontroller.swift */; };
		93CFD6D5229B0C3300C1E29B /* fullCardController.swift in Sources */ = {isa = PBXBuildFile; fileRef = 93CFD6D4229B0C3300C1E29B /* fullCardController.swift */; };
		93CFD6D7229CA45000C1E29B /* YourCardsViewController.swift in Sources */ = {isa = PBXBuildFile; fileRef = 93CFD6D6229CA45000C1E29B /* YourCardsViewController.swift */; };
		93DD44C222866317005A2E1F /* vanbeeklabs.png in Resources */ = {isa = PBXBuildFile; fileRef = 93DD44C122866316005A2E1F /* vanbeeklabs.png */; };
		93DD44C522871504005A2E1F /* nativeViewController.swift in Sources */ = {isa = PBXBuildFile; fileRef = 93DD44C422871504005A2E1F /* nativeViewController.swift */; };
		93E060E3228B42300007F0A3 /* oktaConfigForm.swift in Sources */ = {isa = PBXBuildFile; fileRef = 93E060E2228B42300007F0A3 /* oktaConfigForm.swift */; };
		93E060E5228DBD000007F0A3 /* dashboardViewController.swift in Sources */ = {isa = PBXBuildFile; fileRef = 93E060E4228DBD000007F0A3 /* dashboardViewController.swift */; };
		93E060E7228DBF010007F0A3 /* userImage.png in Resources */ = {isa = PBXBuildFile; fileRef = 93E060E6228DBF010007F0A3 /* userImage.png */; };
		D491932E5D63766B1D114D3C /* Pods_TwelveTest.framework in Frameworks */ = {isa = PBXBuildFile; fileRef = C7D33175CA47BFA6123D2408 /* Pods_TwelveTest.framework */; };
/* End PBXBuildFile section */

/* Begin PBXContainerItemProxy section */
		934847862285C9DE002A67D6 /* PBXContainerItemProxy */ = {
			isa = PBXContainerItemProxy;
			containerPortal = 934847692285C9DC002A67D6 /* Project object */;
			proxyType = 1;
			remoteGlobalIDString = 934847702285C9DC002A67D6;
			remoteInfo = TwelveTest;
		};
		934847912285C9DE002A67D6 /* PBXContainerItemProxy */ = {
			isa = PBXContainerItemProxy;
			containerPortal = 934847692285C9DC002A67D6 /* Project object */;
			proxyType = 1;
			remoteGlobalIDString = 934847702285C9DC002A67D6;
			remoteInfo = TwelveTest;
		};
/* End PBXContainerItemProxy section */

/* Begin PBXFileReference section */
		42C71901DF3E1DA9400A8B2C /* Pods-TwelveTestUITests.release.xcconfig */ = {isa = PBXFileReference; includeInIndex = 1; lastKnownFileType = text.xcconfig; name = "Pods-TwelveTestUITests.release.xcconfig"; path = "Target Support Files/Pods-TwelveTestUITests/Pods-TwelveTestUITests.release.xcconfig"; sourceTree = "<group>"; };
		56B1075194AC685EBB633F97 /* Pods-TwelveTestTests.release.xcconfig */ = {isa = PBXFileReference; includeInIndex = 1; lastKnownFileType = text.xcconfig; name = "Pods-TwelveTestTests.release.xcconfig"; path = "Target Support Files/Pods-TwelveTestTests/Pods-TwelveTestTests.release.xcconfig"; sourceTree = "<group>"; };
		57E36D4E62BB1964AB10E1D6 /* Pods-TwelveTest.debug.xcconfig */ = {isa = PBXFileReference; includeInIndex = 1; lastKnownFileType = text.xcconfig; name = "Pods-TwelveTest.debug.xcconfig"; path = "Target Support Files/Pods-TwelveTest/Pods-TwelveTest.debug.xcconfig"; sourceTree = "<group>"; };
		58C97041387339B8DB08DD9F /* Pods-TwelveTest.release.xcconfig */ = {isa = PBXFileReference; includeInIndex = 1; lastKnownFileType = text.xcconfig; name = "Pods-TwelveTest.release.xcconfig"; path = "Target Support Files/Pods-TwelveTest/Pods-TwelveTest.release.xcconfig"; sourceTree = "<group>"; };
		934847712285C9DC002A67D6 /* TwelveTest.app */ = {isa = PBXFileReference; explicitFileType = wrapper.application; includeInIndex = 0; path = TwelveTest.app; sourceTree = BUILT_PRODUCTS_DIR; };
		934847742285C9DC002A67D6 /* AppDelegate.swift */ = {isa = PBXFileReference; lastKnownFileType = sourcecode.swift; path = AppDelegate.swift; sourceTree = "<group>"; };
		934847762285C9DC002A67D6 /* ViewController.swift */ = {isa = PBXFileReference; lastKnownFileType = sourcecode.swift; path = ViewController.swift; sourceTree = "<group>"; };
		934847792285C9DC002A67D6 /* Base */ = {isa = PBXFileReference; lastKnownFileType = file.storyboard; name = Base; path = Base.lproj/Main.storyboard; sourceTree = "<group>"; };
		9348477B2285C9DD002A67D6 /* Assets.xcassets */ = {isa = PBXFileReference; lastKnownFileType = folder.assetcatalog; path = Assets.xcassets; sourceTree = "<group>"; };
		9348477E2285C9DD002A67D6 /* Base */ = {isa = PBXFileReference; lastKnownFileType = file.storyboard; name = Base; path = Base.lproj/LaunchScreen.storyboard; sourceTree = "<group>"; };
		934847802285C9DD002A67D6 /* Info.plist */ = {isa = PBXFileReference; lastKnownFileType = text.plist.xml; path = Info.plist; sourceTree = "<group>"; };
		934847852285C9DD002A67D6 /* TwelveTestTests.xctest */ = {isa = PBXFileReference; explicitFileType = wrapper.cfbundle; includeInIndex = 0; path = TwelveTestTests.xctest; sourceTree = BUILT_PRODUCTS_DIR; };
		934847892285C9DE002A67D6 /* TwelveTestTests.swift */ = {isa = PBXFileReference; lastKnownFileType = sourcecode.swift; path = TwelveTestTests.swift; sourceTree = "<group>"; };
		9348478B2285C9DE002A67D6 /* Info.plist */ = {isa = PBXFileReference; lastKnownFileType = text.plist.xml; path = Info.plist; sourceTree = "<group>"; };
		934847902285C9DE002A67D6 /* TwelveTestUITests.xctest */ = {isa = PBXFileReference; explicitFileType = wrapper.cfbundle; includeInIndex = 0; path = TwelveTestUITests.xctest; sourceTree = BUILT_PRODUCTS_DIR; };
		934847942285C9DE002A67D6 /* TwelveTestUITests.swift */ = {isa = PBXFileReference; lastKnownFileType = sourcecode.swift; path = TwelveTestUITests.swift; sourceTree = "<group>"; };
		934847962285C9DE002A67D6 /* Info.plist */ = {isa = PBXFileReference; lastKnownFileType = text.plist.xml; path = Info.plist; sourceTree = "<group>"; };
		938E2CEE2298724400590A0D /* TwelveTest.entitlements */ = {isa = PBXFileReference; lastKnownFileType = text.plist.entitlements; path = TwelveTest.entitlements; sourceTree = "<group>"; };
		938E2CEF2299A62D00590A0D /* healthcare.jpg */ = {isa = PBXFileReference; lastKnownFileType = image.jpeg; path = healthcare.jpg; sourceTree = "<group>"; };
		938E2CF02299A62D00590A0D /* automative.jpg */ = {isa = PBXFileReference; lastKnownFileType = image.jpeg; path = automative.jpg; sourceTree = "<group>"; };
		938E2CF12299A62D00590A0D /* travel.jpg */ = {isa = PBXFileReference; lastKnownFileType = image.jpeg; path = travel.jpg; sourceTree = "<group>"; };
		938E2CF52299B9A400590A0D /* partcontroller.swift */ = {isa = PBXFileReference; lastKnownFileType = sourcecode.swift; path = partcontroller.swift; sourceTree = "<group>"; };
		93CFD6D4229B0C3300C1E29B /* fullCardController.swift */ = {isa = PBXFileReference; lastKnownFileType = sourcecode.swift; path = fullCardController.swift; sourceTree = "<group>"; };
		93CFD6D6229CA45000C1E29B /* YourCardsViewController.swift */ = {isa = PBXFileReference; lastKnownFileType = sourcecode.swift; path = YourCardsViewController.swift; sourceTree = "<group>"; };
		93DD44C122866316005A2E1F /* vanbeeklabs.png */ = {isa = PBXFileReference; lastKnownFileType = image.png; path = vanbeeklabs.png; sourceTree = "<group>"; };
		93DD44C32286707A005A2E1F /* neon.mp4 */ = {isa = PBXFileReference; lastKnownFileType = file; path = neon.mp4; sourceTree = "<group>"; };
		93DD44C422871504005A2E1F /* nativeViewController.swift */ = {isa = PBXFileReference; lastKnownFileType = sourcecode.swift; path = nativeViewController.swift; sourceTree = "<group>"; };
		93E060E2228B42300007F0A3 /* oktaConfigForm.swift */ = {isa = PBXFileReference; lastKnownFileType = sourcecode.swift; path = oktaConfigForm.swift; sourceTree = "<group>"; };
		93E060E4228DBD000007F0A3 /* dashboardViewController.swift */ = {isa = PBXFileReference; lastKnownFileType = sourcecode.swift; path = dashboardViewController.swift; sourceTree = "<group>"; };
		93E060E6228DBF010007F0A3 /* userImage.png */ = {isa = PBXFileReference; lastKnownFileType = image.png; path = userImage.png; sourceTree = SOURCE_ROOT; };
		9C6FE998F63D4016CF19CD8E /* Pods-TwelveTestTests.debug.xcconfig */ = {isa = PBXFileReference; includeInIndex = 1; lastKnownFileType = text.xcconfig; name = "Pods-TwelveTestTests.debug.xcconfig"; path = "Target Support Files/Pods-TwelveTestTests/Pods-TwelveTestTests.debug.xcconfig"; sourceTree = "<group>"; };
		9CCEC7AA5BD7CEF65E909293 /* Pods_TwelveTestTests.framework */ = {isa = PBXFileReference; explicitFileType = wrapper.framework; includeInIndex = 0; path = Pods_TwelveTestTests.framework; sourceTree = BUILT_PRODUCTS_DIR; };
		B30A02A1A05DC816D003DF0A /* Pods_TwelveTestUITests.framework */ = {isa = PBXFileReference; explicitFileType = wrapper.framework; includeInIndex = 0; path = Pods_TwelveTestUITests.framework; sourceTree = BUILT_PRODUCTS_DIR; };
		B928605BEC010786164511E5 /* Pods-TwelveTestUITests.debug.xcconfig */ = {isa = PBXFileReference; includeInIndex = 1; lastKnownFileType = text.xcconfig; name = "Pods-TwelveTestUITests.debug.xcconfig"; path = "Target Support Files/Pods-TwelveTestUITests/Pods-TwelveTestUITests.debug.xcconfig"; sourceTree = "<group>"; };
		C7D33175CA47BFA6123D2408 /* Pods_TwelveTest.framework */ = {isa = PBXFileReference; explicitFileType = wrapper.framework; includeInIndex = 0; path = Pods_TwelveTest.framework; sourceTree = BUILT_PRODUCTS_DIR; };
/* End PBXFileReference section */

/* Begin PBXFrameworksBuildPhase section */
		9348476E2285C9DC002A67D6 /* Frameworks */ = {
			isa = PBXFrameworksBuildPhase;
			buildActionMask = 2147483647;
			files = (
				D491932E5D63766B1D114D3C /* Pods_TwelveTest.framework in Frameworks */,
			);
			runOnlyForDeploymentPostprocessing = 0;
		};
		934847822285C9DD002A67D6 /* Frameworks */ = {
			isa = PBXFrameworksBuildPhase;
			buildActionMask = 2147483647;
			files = (
				190B2FA505CB77A0176AE716 /* Pods_TwelveTestTests.framework in Frameworks */,
			);
			runOnlyForDeploymentPostprocessing = 0;
		};
		9348478D2285C9DE002A67D6 /* Frameworks */ = {
			isa = PBXFrameworksBuildPhase;
			buildActionMask = 2147483647;
			files = (
				34F5D8051AB4277F2ABF0D34 /* Pods_TwelveTestUITests.framework in Frameworks */,
			);
			runOnlyForDeploymentPostprocessing = 0;
		};
/* End PBXFrameworksBuildPhase section */

/* Begin PBXGroup section */
		1092F4EE08C7E973FDC9E94B /* Frameworks */ = {
			isa = PBXGroup;
			children = (
				C7D33175CA47BFA6123D2408 /* Pods_TwelveTest.framework */,
				9CCEC7AA5BD7CEF65E909293 /* Pods_TwelveTestTests.framework */,
				B30A02A1A05DC816D003DF0A /* Pods_TwelveTestUITests.framework */,
			);
			name = Frameworks;
			sourceTree = "<group>";
		};
		8DE5C97607E1E86C6C7ECBB8 /* Pods */ = {
			isa = PBXGroup;
			children = (
				57E36D4E62BB1964AB10E1D6 /* Pods-TwelveTest.debug.xcconfig */,
				58C97041387339B8DB08DD9F /* Pods-TwelveTest.release.xcconfig */,
				9C6FE998F63D4016CF19CD8E /* Pods-TwelveTestTests.debug.xcconfig */,
				56B1075194AC685EBB633F97 /* Pods-TwelveTestTests.release.xcconfig */,
				B928605BEC010786164511E5 /* Pods-TwelveTestUITests.debug.xcconfig */,
				42C71901DF3E1DA9400A8B2C /* Pods-TwelveTestUITests.release.xcconfig */,
			);
			path = Pods;
			sourceTree = "<group>";
		};
		934847682285C9DC002A67D6 = {
			isa = PBXGroup;
			children = (
				934847732285C9DC002A67D6 /* TwelveTest */,
				934847882285C9DE002A67D6 /* TwelveTestTests */,
				934847932285C9DE002A67D6 /* TwelveTestUITests */,
				934847722285C9DC002A67D6 /* Products */,
				8DE5C97607E1E86C6C7ECBB8 /* Pods */,
				1092F4EE08C7E973FDC9E94B /* Frameworks */,
			);
			sourceTree = "<group>";
		};
		934847722285C9DC002A67D6 /* Products */ = {
			isa = PBXGroup;
			children = (
				934847712285C9DC002A67D6 /* TwelveTest.app */,
				934847852285C9DD002A67D6 /* TwelveTestTests.xctest */,
				934847902285C9DE002A67D6 /* TwelveTestUITests.xctest */,
			);
			name = Products;
			sourceTree = "<group>";
		};
		934847732285C9DC002A67D6 /* TwelveTest */ = {
			isa = PBXGroup;
			children = (
				938E2CEE2298724400590A0D /* TwelveTest.entitlements */,
				934847742285C9DC002A67D6 /* AppDelegate.swift */,
				934847762285C9DC002A67D6 /* ViewController.swift */,
				934847782285C9DC002A67D6 /* Main.storyboard */,
				938E2CF52299B9A400590A0D /* partcontroller.swift */,
				93CFD6D6229CA45000C1E29B /* YourCardsViewController.swift */,
				93CFD6D4229B0C3300C1E29B /* fullCardController.swift */,
				93E060E4228DBD000007F0A3 /* dashboardViewController.swift */,
				93E060E2228B42300007F0A3 /* oktaConfigForm.swift */,
				93DD44C422871504005A2E1F /* nativeViewController.swift */,
				9348477B2285C9DD002A67D6 /* Assets.xcassets */,
				9348477D2285C9DD002A67D6 /* LaunchScreen.storyboard */,
				934847802285C9DD002A67D6 /* Info.plist */,
				93DD44C122866316005A2E1F /* vanbeeklabs.png */,
				93DD44C32286707A005A2E1F /* neon.mp4 */,
				93E060E6228DBF010007F0A3 /* userImage.png */,
				938E2CF02299A62D00590A0D /* automative.jpg */,
				938E2CEF2299A62D00590A0D /* healthcare.jpg */,
				938E2CF12299A62D00590A0D /* travel.jpg */,
			);
			path = TwelveTest;
			sourceTree = "<group>";
		};
		934847882285C9DE002A67D6 /* TwelveTestTests */ = {
			isa = PBXGroup;
			children = (
				934847892285C9DE002A67D6 /* TwelveTestTests.swift */,
				9348478B2285C9DE002A67D6 /* Info.plist */,
			);
			path = TwelveTestTests;
			sourceTree = "<group>";
		};
		934847932285C9DE002A67D6 /* TwelveTestUITests */ = {
			isa = PBXGroup;
			children = (
				934847942285C9DE002A67D6 /* TwelveTestUITests.swift */,
				934847962285C9DE002A67D6 /* Info.plist */,
			);
			path = TwelveTestUITests;
			sourceTree = "<group>";
		};
/* End PBXGroup section */

/* Begin PBXNativeTarget section */
		934847702285C9DC002A67D6 /* TwelveTest */ = {
			isa = PBXNativeTarget;
			buildConfigurationList = 934847992285C9DE002A67D6 /* Build configuration list for PBXNativeTarget "TwelveTest" */;
			buildPhases = (
				DF9290588360F162FCD31513 /* [CP] Check Pods Manifest.lock */,
				9348476D2285C9DC002A67D6 /* Sources */,
				9348476E2285C9DC002A67D6 /* Frameworks */,
				9348476F2285C9DC002A67D6 /* Resources */,
				4B7EEBB2B8E109ACA6E270AD /* [CP] Embed Pods Frameworks */,
			);
			buildRules = (
			);
			dependencies = (
			);
			name = TwelveTest;
			productName = TwelveTest;
			productReference = 934847712285C9DC002A67D6 /* TwelveTest.app */;
			productType = "com.apple.product-type.application";
		};
		934847842285C9DD002A67D6 /* TwelveTestTests */ = {
			isa = PBXNativeTarget;
			buildConfigurationList = 9348479C2285C9DE002A67D6 /* Build configuration list for PBXNativeTarget "TwelveTestTests" */;
			buildPhases = (
				6005FC73AB3DC1B2D0835FC8 /* [CP] Check Pods Manifest.lock */,
				934847812285C9DD002A67D6 /* Sources */,
				934847822285C9DD002A67D6 /* Frameworks */,
				934847832285C9DD002A67D6 /* Resources */,
			);
			buildRules = (
			);
			dependencies = (
				934847872285C9DE002A67D6 /* PBXTargetDependency */,
			);
			name = TwelveTestTests;
			productName = TwelveTestTests;
			productReference = 934847852285C9DD002A67D6 /* TwelveTestTests.xctest */;
			productType = "com.apple.product-type.bundle.unit-test";
		};
		9348478F2285C9DE002A67D6 /* TwelveTestUITests */ = {
			isa = PBXNativeTarget;
			buildConfigurationList = 9348479F2285C9DE002A67D6 /* Build configuration list for PBXNativeTarget "TwelveTestUITests" */;
			buildPhases = (
				5A8C2598938CB4B795611D5D /* [CP] Check Pods Manifest.lock */,
				9348478C2285C9DE002A67D6 /* Sources */,
				9348478D2285C9DE002A67D6 /* Frameworks */,
				9348478E2285C9DE002A67D6 /* Resources */,
			);
			buildRules = (
			);
			dependencies = (
				934847922285C9DE002A67D6 /* PBXTargetDependency */,
			);
			name = TwelveTestUITests;
			productName = TwelveTestUITests;
			productReference = 934847902285C9DE002A67D6 /* TwelveTestUITests.xctest */;
			productType = "com.apple.product-type.bundle.ui-testing";
		};
/* End PBXNativeTarget section */

/* Begin PBXProject section */
		934847692285C9DC002A67D6 /* Project object */ = {
			isa = PBXProject;
			attributes = {
				LastSwiftUpdateCheck = 1010;
				LastUpgradeCheck = 1010;
				ORGANIZATIONNAME = "Andrew Vanbeek";
				TargetAttributes = {
					934847702285C9DC002A67D6 = {
						CreatedOnToolsVersion = 10.1;
						SystemCapabilities = {
							com.apple.Keychain = {
								enabled = 1;
							};
						};
					};
					934847842285C9DD002A67D6 = {
						CreatedOnToolsVersion = 10.1;
						TestTargetID = 934847702285C9DC002A67D6;
					};
					9348478F2285C9DE002A67D6 = {
						CreatedOnToolsVersion = 10.1;
						TestTargetID = 934847702285C9DC002A67D6;
					};
				};
			};
			buildConfigurationList = 9348476C2285C9DC002A67D6 /* Build configuration list for PBXProject "TwelveTest" */;
			compatibilityVersion = "Xcode 9.3";
			developmentRegion = en;
			hasScannedForEncodings = 0;
			knownRegions = (
				en,
				Base,
			);
			mainGroup = 934847682285C9DC002A67D6;
			productRefGroup = 934847722285C9DC002A67D6 /* Products */;
			projectDirPath = "";
			projectRoot = "";
			targets = (
				934847702285C9DC002A67D6 /* TwelveTest */,
				934847842285C9DD002A67D6 /* TwelveTestTests */,
				9348478F2285C9DE002A67D6 /* TwelveTestUITests */,
			);
		};
/* End PBXProject section */

/* Begin PBXResourcesBuildPhase section */
		9348476F2285C9DC002A67D6 /* Resources */ = {
			isa = PBXResourcesBuildPhase;
			buildActionMask = 2147483647;
			files = (
				938E2CF22299A62D00590A0D /* healthcare.jpg in Resources */,
				93DD44C222866317005A2E1F /* vanbeeklabs.png in Resources */,
				9348477F2285C9DD002A67D6 /* LaunchScreen.storyboard in Resources */,
				938E2CF32299A62D00590A0D /* automative.jpg in Resources */,
				93E060E7228DBF010007F0A3 /* userImage.png in Resources */,
				9348477C2285C9DD002A67D6 /* Assets.xcassets in Resources */,
				9348477A2285C9DC002A67D6 /* Main.storyboard in Resources */,
				938E2CF42299A62D00590A0D /* travel.jpg in Resources */,
			);
			runOnlyForDeploymentPostprocessing = 0;
		};
		934847832285C9DD002A67D6 /* Resources */ = {
			isa = PBXResourcesBuildPhase;
			buildActionMask = 2147483647;
			files = (
			);
			runOnlyForDeploymentPostprocessing = 0;
		};
		9348478E2285C9DE002A67D6 /* Resources */ = {
			isa = PBXResourcesBuildPhase;
			buildActionMask = 2147483647;
			files = (
			);
			runOnlyForDeploymentPostprocessing = 0;
		};
/* End PBXResourcesBuildPhase section */

/* Begin PBXShellScriptBuildPhase section */
		4B7EEBB2B8E109ACA6E270AD /* [CP] Embed Pods Frameworks */ = {
			isa = PBXShellScriptBuildPhase;
			buildActionMask = 2147483647;
			files = (
			);
			inputFileListPaths = (
				"${PODS_ROOT}/Target Support Files/Pods-TwelveTest/Pods-TwelveTest-frameworks-${CONFIGURATION}-input-files.xcfilelist",
			);
			name = "[CP] Embed Pods Frameworks";
			outputFileListPaths = (
				"${PODS_ROOT}/Target Support Files/Pods-TwelveTest/Pods-TwelveTest-frameworks-${CONFIGURATION}-output-files.xcfilelist",
			);
			runOnlyForDeploymentPostprocessing = 0;
			shellPath = /bin/sh;
			shellScript = "\"${PODS_ROOT}/Target Support Files/Pods-TwelveTest/Pods-TwelveTest-frameworks.sh\"\n";
			showEnvVarsInLog = 0;
		};
		5A8C2598938CB4B795611D5D /* [CP] Check Pods Manifest.lock */ = {
			isa = PBXShellScriptBuildPhase;
			buildActionMask = 2147483647;
			files = (
			);
			inputFileListPaths = (
			);
			inputPaths = (
				"${PODS_PODFILE_DIR_PATH}/Podfile.lock",
				"${PODS_ROOT}/Manifest.lock",
			);
			name = "[CP] Check Pods Manifest.lock";
			outputFileListPaths = (
			);
			outputPaths = (
				"$(DERIVED_FILE_DIR)/Pods-TwelveTestUITests-checkManifestLockResult.txt",
			);
			runOnlyForDeploymentPostprocessing = 0;
			shellPath = /bin/sh;
			shellScript = "diff \"${PODS_PODFILE_DIR_PATH}/Podfile.lock\" \"${PODS_ROOT}/Manifest.lock\" > /dev/null\nif [ $? != 0 ] ; then\n    # print error to STDERR\n    echo \"error: The sandbox is not in sync with the Podfile.lock. Run 'pod install' or update your CocoaPods installation.\" >&2\n    exit 1\nfi\n# This output is used by Xcode 'outputs' to avoid re-running this script phase.\necho \"SUCCESS\" > \"${SCRIPT_OUTPUT_FILE_0}\"\n";
			showEnvVarsInLog = 0;
		};
		6005FC73AB3DC1B2D0835FC8 /* [CP] Check Pods Manifest.lock */ = {
			isa = PBXShellScriptBuildPhase;
			buildActionMask = 2147483647;
			files = (
			);
			inputFileListPaths = (
			);
			inputPaths = (
				"${PODS_PODFILE_DIR_PATH}/Podfile.lock",
				"${PODS_ROOT}/Manifest.lock",
			);
			name = "[CP] Check Pods Manifest.lock";
			outputFileListPaths = (
			);
			outputPaths = (
				"$(DERIVED_FILE_DIR)/Pods-TwelveTestTests-checkManifestLockResult.txt",
			);
			runOnlyForDeploymentPostprocessing = 0;
			shellPath = /bin/sh;
			shellScript = "diff \"${PODS_PODFILE_DIR_PATH}/Podfile.lock\" \"${PODS_ROOT}/Manifest.lock\" > /dev/null\nif [ $? != 0 ] ; then\n    # print error to STDERR\n    echo \"error: The sandbox is not in sync with the Podfile.lock. Run 'pod install' or update your CocoaPods installation.\" >&2\n    exit 1\nfi\n# This output is used by Xcode 'outputs' to avoid re-running this script phase.\necho \"SUCCESS\" > \"${SCRIPT_OUTPUT_FILE_0}\"\n";
			showEnvVarsInLog = 0;
		};
		DF9290588360F162FCD31513 /* [CP] Check Pods Manifest.lock */ = {
			isa = PBXShellScriptBuildPhase;
			buildActionMask = 2147483647;
			files = (
			);
			inputFileListPaths = (
			);
			inputPaths = (
				"${PODS_PODFILE_DIR_PATH}/Podfile.lock",
				"${PODS_ROOT}/Manifest.lock",
			);
			name = "[CP] Check Pods Manifest.lock";
			outputFileListPaths = (
			);
			outputPaths = (
				"$(DERIVED_FILE_DIR)/Pods-TwelveTest-checkManifestLockResult.txt",
			);
			runOnlyForDeploymentPostprocessing = 0;
			shellPath = /bin/sh;
			shellScript = "diff \"${PODS_PODFILE_DIR_PATH}/Podfile.lock\" \"${PODS_ROOT}/Manifest.lock\" > /dev/null\nif [ $? != 0 ] ; then\n    # print error to STDERR\n    echo \"error: The sandbox is not in sync with the Podfile.lock. Run 'pod install' or update your CocoaPods installation.\" >&2\n    exit 1\nfi\n# This output is used by Xcode 'outputs' to avoid re-running this script phase.\necho \"SUCCESS\" > \"${SCRIPT_OUTPUT_FILE_0}\"\n";
			showEnvVarsInLog = 0;
		};
/* End PBXShellScriptBuildPhase section */

/* Begin PBXSourcesBuildPhase section */
		9348476D2285C9DC002A67D6 /* Sources */ = {
			isa = PBXSourcesBuildPhase;
			buildActionMask = 2147483647;
			files = (
				938E2CF62299B9A400590A0D /* partcontroller.swift in Sources */,
				93E060E3228B42300007F0A3 /* oktaConfigForm.swift in Sources */,
				934847772285C9DC002A67D6 /* ViewController.swift in Sources */,
				93CFD6D7229CA45000C1E29B /* YourCardsViewController.swift in Sources */,
				93CFD6D5229B0C3300C1E29B /* fullCardController.swift in Sources */,
				934847752285C9DC002A67D6 /* AppDelegate.swift in Sources */,
				93DD44C522871504005A2E1F /* nativeViewController.swift in Sources */,
				93E060E5228DBD000007F0A3 /* dashboardViewController.swift in Sources */,
			);
			runOnlyForDeploymentPostprocessing = 0;
		};
		934847812285C9DD002A67D6 /* Sources */ = {
			isa = PBXSourcesBuildPhase;
			buildActionMask = 2147483647;
			files = (
				9348478A2285C9DE002A67D6 /* TwelveTestTests.swift in Sources */,
			);
			runOnlyForDeploymentPostprocessing = 0;
		};
		9348478C2285C9DE002A67D6 /* Sources */ = {
			isa = PBXSourcesBuildPhase;
			buildActionMask = 2147483647;
			files = (
				934847952285C9DE002A67D6 /* TwelveTestUITests.swift in Sources */,
			);
			runOnlyForDeploymentPostprocessing = 0;
		};
/* End PBXSourcesBuildPhase section */

/* Begin PBXTargetDependency section */
		934847872285C9DE002A67D6 /* PBXTargetDependency */ = {
			isa = PBXTargetDependency;
			target = 934847702285C9DC002A67D6 /* TwelveTest */;
			targetProxy = 934847862285C9DE002A67D6 /* PBXContainerItemProxy */;
		};
		934847922285C9DE002A67D6 /* PBXTargetDependency */ = {
			isa = PBXTargetDependency;
			target = 934847702285C9DC002A67D6 /* TwelveTest */;
			targetProxy = 934847912285C9DE002A67D6 /* PBXContainerItemProxy */;
		};
/* End PBXTargetDependency section */

/* Begin PBXVariantGroup section */
		934847782285C9DC002A67D6 /* Main.storyboard */ = {
			isa = PBXVariantGroup;
			children = (
				934847792285C9DC002A67D6 /* Base */,
			);
			name = Main.storyboard;
			sourceTree = "<group>";
		};
		9348477D2285C9DD002A67D6 /* LaunchScreen.storyboard */ = {
			isa = PBXVariantGroup;
			children = (
				9348477E2285C9DD002A67D6 /* Base */,
			);
			name = LaunchScreen.storyboard;
			sourceTree = "<group>";
		};
/* End PBXVariantGroup section */

/* Begin XCBuildConfiguration section */
		934847972285C9DE002A67D6 /* Debug */ = {
			isa = XCBuildConfiguration;
			buildSettings = {
				ALWAYS_SEARCH_USER_PATHS = NO;
				CLANG_ANALYZER_NONNULL = YES;
				CLANG_ANALYZER_NUMBER_OBJECT_CONVERSION = YES_AGGRESSIVE;
				CLANG_CXX_LANGUAGE_STANDARD = "gnu++14";
				CLANG_CXX_LIBRARY = "libc++";
				CLANG_ENABLE_MODULES = YES;
				CLANG_ENABLE_OBJC_ARC = YES;
				CLANG_ENABLE_OBJC_WEAK = YES;
				CLANG_WARN_BLOCK_CAPTURE_AUTORELEASING = YES;
				CLANG_WARN_BOOL_CONVERSION = YES;
				CLANG_WARN_COMMA = YES;
				CLANG_WARN_CONSTANT_CONVERSION = YES;
				CLANG_WARN_DEPRECATED_OBJC_IMPLEMENTATIONS = YES;
				CLANG_WARN_DIRECT_OBJC_ISA_USAGE = YES_ERROR;
				CLANG_WARN_DOCUMENTATION_COMMENTS = YES;
				CLANG_WARN_EMPTY_BODY = YES;
				CLANG_WARN_ENUM_CONVERSION = YES;
				CLANG_WARN_INFINITE_RECURSION = YES;
				CLANG_WARN_INT_CONVERSION = YES;
				CLANG_WARN_NON_LITERAL_NULL_CONVERSION = YES;
				CLANG_WARN_OBJC_IMPLICIT_RETAIN_SELF = YES;
				CLANG_WARN_OBJC_LITERAL_CONVERSION = YES;
				CLANG_WARN_OBJC_ROOT_CLASS = YES_ERROR;
				CLANG_WARN_RANGE_LOOP_ANALYSIS = YES;
				CLANG_WARN_STRICT_PROTOTYPES = YES;
				CLANG_WARN_SUSPICIOUS_MOVE = YES;
				CLANG_WARN_UNGUARDED_AVAILABILITY = YES_AGGRESSIVE;
				CLANG_WARN_UNREACHABLE_CODE = YES;
				CLANG_WARN__DUPLICATE_METHOD_MATCH = YES;
				CODE_SIGN_IDENTITY = "iPhone Developer";
				COPY_PHASE_STRIP = NO;
				DEBUG_INFORMATION_FORMAT = dwarf;
				ENABLE_STRICT_OBJC_MSGSEND = YES;
				ENABLE_TESTABILITY = YES;
				GCC_C_LANGUAGE_STANDARD = gnu11;
				GCC_DYNAMIC_NO_PIC = NO;
				GCC_NO_COMMON_BLOCKS = YES;
				GCC_OPTIMIZATION_LEVEL = 0;
				GCC_PREPROCESSOR_DEFINITIONS = (
					"DEBUG=1",
					"$(inherited)",
				);
				GCC_WARN_64_TO_32_BIT_CONVERSION = YES;
				GCC_WARN_ABOUT_RETURN_TYPE = YES_ERROR;
				GCC_WARN_UNDECLARED_SELECTOR = YES;
				GCC_WARN_UNINITIALIZED_AUTOS = YES_AGGRESSIVE;
				GCC_WARN_UNUSED_FUNCTION = YES;
				GCC_WARN_UNUSED_VARIABLE = YES;
				IPHONEOS_DEPLOYMENT_TARGET = 12.1;
				MTL_ENABLE_DEBUG_INFO = INCLUDE_SOURCE;
				MTL_FAST_MATH = YES;
				ONLY_ACTIVE_ARCH = YES;
				SDKROOT = iphoneos;
				SWIFT_ACTIVE_COMPILATION_CONDITIONS = DEBUG;
				SWIFT_OPTIMIZATION_LEVEL = "-Onone";
			};
			name = Debug;
		};
		934847982285C9DE002A67D6 /* Release */ = {
			isa = XCBuildConfiguration;
			buildSettings = {
				ALWAYS_SEARCH_USER_PATHS = NO;
				CLANG_ANALYZER_NONNULL = YES;
				CLANG_ANALYZER_NUMBER_OBJECT_CONVERSION = YES_AGGRESSIVE;
				CLANG_CXX_LANGUAGE_STANDARD = "gnu++14";
				CLANG_CXX_LIBRARY = "libc++";
				CLANG_ENABLE_MODULES = YES;
				CLANG_ENABLE_OBJC_ARC = YES;
				CLANG_ENABLE_OBJC_WEAK = YES;
				CLANG_WARN_BLOCK_CAPTURE_AUTORELEASING = YES;
				CLANG_WARN_BOOL_CONVERSION = YES;
				CLANG_WARN_COMMA = YES;
				CLANG_WARN_CONSTANT_CONVERSION = YES;
				CLANG_WARN_DEPRECATED_OBJC_IMPLEMENTATIONS = YES;
				CLANG_WARN_DIRECT_OBJC_ISA_USAGE = YES_ERROR;
				CLANG_WARN_DOCUMENTATION_COMMENTS = YES;
				CLANG_WARN_EMPTY_BODY = YES;
				CLANG_WARN_ENUM_CONVERSION = YES;
				CLANG_WARN_INFINITE_RECURSION = YES;
				CLANG_WARN_INT_CONVERSION = YES;
				CLANG_WARN_NON_LITERAL_NULL_CONVERSION = YES;
				CLANG_WARN_OBJC_IMPLICIT_RETAIN_SELF = YES;
				CLANG_WARN_OBJC_LITERAL_CONVERSION = YES;
				CLANG_WARN_OBJC_ROOT_CLASS = YES_ERROR;
				CLANG_WARN_RANGE_LOOP_ANALYSIS = YES;
				CLANG_WARN_STRICT_PROTOTYPES = YES;
				CLANG_WARN_SUSPICIOUS_MOVE = YES;
				CLANG_WARN_UNGUARDED_AVAILABILITY = YES_AGGRESSIVE;
				CLANG_WARN_UNREACHABLE_CODE = YES;
				CLANG_WARN__DUPLICATE_METHOD_MATCH = YES;
				CODE_SIGN_IDENTITY = "iPhone Developer";
				COPY_PHASE_STRIP = NO;
				DEBUG_INFORMATION_FORMAT = "dwarf-with-dsym";
				ENABLE_NS_ASSERTIONS = NO;
				ENABLE_STRICT_OBJC_MSGSEND = YES;
				GCC_C_LANGUAGE_STANDARD = gnu11;
				GCC_NO_COMMON_BLOCKS = YES;
				GCC_WARN_64_TO_32_BIT_CONVERSION = YES;
				GCC_WARN_ABOUT_RETURN_TYPE = YES_ERROR;
				GCC_WARN_UNDECLARED_SELECTOR = YES;
				GCC_WARN_UNINITIALIZED_AUTOS = YES_AGGRESSIVE;
				GCC_WARN_UNUSED_FUNCTION = YES;
				GCC_WARN_UNUSED_VARIABLE = YES;
				IPHONEOS_DEPLOYMENT_TARGET = 12.1;
				MTL_ENABLE_DEBUG_INFO = NO;
				MTL_FAST_MATH = YES;
				SDKROOT = iphoneos;
				SWIFT_COMPILATION_MODE = wholemodule;
				SWIFT_OPTIMIZATION_LEVEL = "-O";
				VALIDATE_PRODUCT = YES;
			};
			name = Release;
		};
		9348479A2285C9DE002A67D6 /* Debug */ = {
			isa = XCBuildConfiguration;
			baseConfigurationReference = 57E36D4E62BB1964AB10E1D6 /* Pods-TwelveTest.debug.xcconfig */;
			buildSettings = {
				ASSETCATALOG_COMPILER_APPICON_NAME = AppIcon;
				CODE_SIGN_ENTITLEMENTS = TwelveTest/TwelveTest.entitlements;
				CODE_SIGN_IDENTITY = "iPhone Developer";
				CODE_SIGN_STYLE = Automatic;
				DEVELOPMENT_TEAM = RJ2SYXWQS9;
				INFOPLIST_FILE = TwelveTest/Info.plist;
				LD_RUNPATH_SEARCH_PATHS = (
					"$(inherited)",
					"@executable_path/Frameworks",
				);
				PRODUCT_BUNDLE_IDENTIFIER = com.avbGame.TwelveTest;
				PRODUCT_NAME = "$(TARGET_NAME)";
				PROVISIONING_PROFILE_SPECIFIER = "";
				SWIFT_VERSION = 4.2;
				TARGETED_DEVICE_FAMILY = 1;
			};
			name = Debug;
		};
		9348479B2285C9DE002A67D6 /* Release */ = {
			isa = XCBuildConfiguration;
			baseConfigurationReference = 58C97041387339B8DB08DD9F /* Pods-TwelveTest.release.xcconfig */;
			buildSettings = {
				ASSETCATALOG_COMPILER_APPICON_NAME = AppIcon;
				CODE_SIGN_ENTITLEMENTS = TwelveTest/TwelveTest.entitlements;
				CODE_SIGN_IDENTITY = "iPhone Developer";
				CODE_SIGN_STYLE = Automatic;
				DEVELOPMENT_TEAM = RJ2SYXWQS9;
				INFOPLIST_FILE = TwelveTest/Info.plist;
				LD_RUNPATH_SEARCH_PATHS = (
					"$(inherited)",
					"@executable_path/Frameworks",
				);
				PRODUCT_BUNDLE_IDENTIFIER = com.avbGame.TwelveTest;
				PRODUCT_NAME = "$(TARGET_NAME)";
				PROVISIONING_PROFILE_SPECIFIER = "";
				SWIFT_VERSION = 4.2;
				TARGETED_DEVICE_FAMILY = 1;
			};
			name = Release;
		};
		9348479D2285C9DE002A67D6 /* Debug */ = {
			isa = XCBuildConfiguration;
			baseConfigurationReference = 9C6FE998F63D4016CF19CD8E /* Pods-TwelveTestTests.debug.xcconfig */;
			buildSettings = {
				ALWAYS_EMBED_SWIFT_STANDARD_LIBRARIES = YES;
				BUNDLE_LOADER = "$(TEST_HOST)";
				CODE_SIGN_STYLE = Automatic;
				DEVELOPMENT_TEAM = RJ2SYXWQS9;
				INFOPLIST_FILE = TwelveTestTests/Info.plist;
				LD_RUNPATH_SEARCH_PATHS = (
					"$(inherited)",
					"@executable_path/Frameworks",
					"@loader_path/Frameworks",
				);
				PRODUCT_BUNDLE_IDENTIFIER = com.avbGame.TwelveTestTests;
				PRODUCT_NAME = "$(TARGET_NAME)";
				SWIFT_VERSION = 4.2;
				TARGETED_DEVICE_FAMILY = "1,2";
				TEST_HOST = "$(BUILT_PRODUCTS_DIR)/TwelveTest.app/TwelveTest";
			};
			name = Debug;
		};
		9348479E2285C9DE002A67D6 /* Release */ = {
			isa = XCBuildConfiguration;
			baseConfigurationReference = 56B1075194AC685EBB633F97 /* Pods-TwelveTestTests.release.xcconfig */;
			buildSettings = {
				ALWAYS_EMBED_SWIFT_STANDARD_LIBRARIES = YES;
				BUNDLE_LOADER = "$(TEST_HOST)";
				CODE_SIGN_STYLE = Automatic;
				DEVELOPMENT_TEAM = RJ2SYXWQS9;
				INFOPLIST_FILE = TwelveTestTests/Info.plist;
				LD_RUNPATH_SEARCH_PATHS = (
					"$(inherited)",
					"@executable_path/Frameworks",
					"@loader_path/Frameworks",
				);
				PRODUCT_BUNDLE_IDENTIFIER = com.avbGame.TwelveTestTests;
				PRODUCT_NAME = "$(TARGET_NAME)";
				SWIFT_VERSION = 4.2;
				TARGETED_DEVICE_FAMILY = "1,2";
				TEST_HOST = "$(BUILT_PRODUCTS_DIR)/TwelveTest.app/TwelveTest";
			};
			name = Release;
		};
		934847A02285C9DE002A67D6 /* Debug */ = {
			isa = XCBuildConfiguration;
			baseConfigurationReference = B928605BEC010786164511E5 /* Pods-TwelveTestUITests.debug.xcconfig */;
			buildSettings = {
				ALWAYS_EMBED_SWIFT_STANDARD_LIBRARIES = YES;
				CODE_SIGN_STYLE = Automatic;
				DEVELOPMENT_TEAM = RJ2SYXWQS9;
				INFOPLIST_FILE = TwelveTestUITests/Info.plist;
				LD_RUNPATH_SEARCH_PATHS = (
					"$(inherited)",
					"@executable_path/Frameworks",
					"@loader_path/Frameworks",
				);
				PRODUCT_BUNDLE_IDENTIFIER = com.avbGame.TwelveTestUITests;
				PRODUCT_NAME = "$(TARGET_NAME)";
				SWIFT_VERSION = 4.2;
				TARGETED_DEVICE_FAMILY = "1,2";
				TEST_TARGET_NAME = TwelveTest;
			};
			name = Debug;
		};
		934847A12285C9DE002A67D6 /* Release */ = {
			isa = XCBuildConfiguration;
			baseConfigurationReference = 42C71901DF3E1DA9400A8B2C /* Pods-TwelveTestUITests.release.xcconfig */;
			buildSettings = {
				ALWAYS_EMBED_SWIFT_STANDARD_LIBRARIES = YES;
				CODE_SIGN_STYLE = Automatic;
				DEVELOPMENT_TEAM = RJ2SYXWQS9;
				INFOPLIST_FILE = TwelveTestUITests/Info.plist;
				LD_RUNPATH_SEARCH_PATHS = (
					"$(inherited)",
					"@executable_path/Frameworks",
					"@loader_path/Frameworks",
				);
				PRODUCT_BUNDLE_IDENTIFIER = com.avbGame.TwelveTestUITests;
				PRODUCT_NAME = "$(TARGET_NAME)";
				SWIFT_VERSION = 4.2;
				TARGETED_DEVICE_FAMILY = "1,2";
				TEST_TARGET_NAME = TwelveTest;
			};
			name = Release;
		};
/* End XCBuildConfiguration section */

/* Begin XCConfigurationList section */
		9348476C2285C9DC002A67D6 /* Build configuration list for PBXProject "TwelveTest" */ = {
			isa = XCConfigurationList;
			buildConfigurations = (
				934847972285C9DE002A67D6 /* Debug */,
				934847982285C9DE002A67D6 /* Release */,
			);
			defaultConfigurationIsVisible = 0;
			defaultConfigurationName = Release;
		};
		934847992285C9DE002A67D6 /* Build configuration list for PBXNativeTarget "TwelveTest" */ = {
			isa = XCConfigurationList;
			buildConfigurations = (
				9348479A2285C9DE002A67D6 /* Debug */,
				9348479B2285C9DE002A67D6 /* Release */,
			);
			defaultConfigurationIsVisible = 0;
			defaultConfigurationName = Release;
		};
		9348479C2285C9DE002A67D6 /* Build configuration list for PBXNativeTarget "TwelveTestTests" */ = {
			isa = XCConfigurationList;
			buildConfigurations = (
				9348479D2285C9DE002A67D6 /* Debug */,
				9348479E2285C9DE002A67D6 /* Release */,
			);
			defaultConfigurationIsVisible = 0;
			defaultConfigurationName = Release;
		};
		9348479F2285C9DE002A67D6 /* Build configuration list for PBXNativeTarget "TwelveTestUITests" */ = {
			isa = XCConfigurationList;
			buildConfigurations = (
				934847A02285C9DE002A67D6 /* Debug */,
				934847A12285C9DE002A67D6 /* Release */,
			);
			defaultConfigurationIsVisible = 0;
			defaultConfigurationName = Release;
		};
/* End XCConfigurationList section */
	};
	rootObject = 934847692285C9DC002A67D6 /* Project object */;
}
